
Microsoft Visual Studio Solution File, Format Version 12.00
# Visual Studio Version 16
VisualStudioVersion = 16.0.30804.86
MinimumVisualStudioVersion = 10.0.40219.1
Project("{FAE04EC0-301F-11D3-BF4B-00C04F79EFBC}") = "EnviandoEmails", "EnviandoEmails\EnviandoEmails.csproj", "{6728EC0C-0ADC-4B8D-86F2-67B3351A8529}"
EndProject
Global
	GlobalSection(SolutionConfigurationPlatforms) = preSolution
		Debug|Any CPU = Debug|Any CPU
		Release|Any CPU = Release|Any CPU
	EndGlobalSection
	GlobalSection(ProjectConfigurationPlatforms) = postSolution
		{6728EC0C-0ADC-4B8D-86F2-67B3351A8529}.Debug|Any CPU.ActiveCfg = Debug|Any CPU
		{6728EC0C-0ADC-4B8D-86F2-67B3351A8529}.Debug|Any CPU.Build.0 = Debug|Any CPU
		{6728EC0C-0ADC-4B8D-86F2-67B3351A8529}.Release|Any CPU.ActiveCfg = Release|Any CPU
		{6728EC0C-0ADC-4B8D-86F2-67B3351A8529}.Release|Any CPU.Build.0 = Release|Any CPU
	EndGlobalSection
	GlobalSection(SolutionProperties) = preSolution
		HideSolutionNode = FALSE
	EndGlobalSection
	GlobalSection(ExtensibilityGlobals) = postSolution
		SolutionGuid = {94CACCB0-B642-44EB-9225-F7413090540C}
	EndGlobalSection
EndGlobal
